
Microsoft Visual Studio Solution File, Format Version 12.00
# Visual Studio Version 16
VisualStudioVersion = 16.0.28922.388
MinimumVisualStudioVersion = 10.0.40219.1
Project("{D954291E-2A0B-460D-934E-DC6B0785DB48}") = "DaanV2.Essentials.Net Source", "DaanV2.Essentials.Net Source\DaanV2.Essentials.Net Source.shproj", "{B1F153D9-F47C-4FE9-BD9F-FFACB81FB3F9}"
EndProject
Project("{2150E333-8FDC-42A3-9474-1A3956D46DE8}") = "API", "API", "{37CDB440-3ADF-4599-97D5-B9A46BB29D44}"
EndProject
Project("{2150E333-8FDC-42A3-9474-1A3956D46DE8}") = "Solution Items", "Solution Items", "{316548F4-3421-43EE-9C26-8D0D450CADD0}"
	ProjectSection(SolutionItems) = preProject
		Documentation\Code_Extensions.md = Documentation\Code_Extensions.md
		Documentation\Interfaces.md = Documentation\Interfaces.md
		LICENSE.txt = LICENSE.txt
		README.md = README.md
	EndProjectSection
EndProject
Project("{2150E333-8FDC-42A3-9474-1A3956D46DE8}") = "Documentation", "Documentation", "{C770F9FC-0538-4F79-B325-234082396C67}"
	ProjectSection(SolutionItems) = preProject
		Documentation\Code_Extensions.md = Documentation\Code_Extensions.md
		Documentation\Interfaces.md = Documentation\Interfaces.md
	EndProjectSection
EndProject
Project("{2150E333-8FDC-42A3-9474-1A3956D46DE8}") = "Tests", "Tests", "{A858FADB-3D12-4EDA-98EF-FA0EA9E0DA18}"
EndProject
Project("{9A19103F-16F7-4668-BE54-9A1E7A4F7556}") = "UnitTests.Net Core", "UnitTests\UnitTests.Net Core\UnitTests.Net Core.csproj", "{54F6B5BD-98C6-4A44-BBBB-74863FC7BE3C}"
EndProject
Project("{9A19103F-16F7-4668-BE54-9A1E7A4F7556}") = "DaanV2.Essentials.Net - NetCore3.1", "API\DaanV2.Essentials.Net - NetCore3.1\DaanV2.Essentials.Net - NetCore3.1.csproj", "{DADC9FFE-46C6-476F-BDC9-5B98FF60C459}"
EndProject
Project("{FAE04EC0-301F-11D3-BF4B-00C04F79EFBC}") = "Debugger", "Debugger\Debugger.csproj", "{F2D4F5F6-AFEE-4B61-BFD1-F9E47B735C25}"
EndProject
Project("{D954291E-2A0B-460D-934E-DC6B0785DB48}") = "Test Source", "Test Source\Test Source.shproj", "{19896AAC-3813-4378-A24E-60449B07149B}"
EndProject
Project("{9A19103F-16F7-4668-BE54-9A1E7A4F7556}") = "UnitTests.Net Core Unsafe", "UnitTests\UnitTests.Net Core Unsafe\UnitTests.Net Core Unsafe.csproj", "{210C6C12-81E2-43CE-A410-C489B8E9ADA6}"
EndProject
Project("{9A19103F-16F7-4668-BE54-9A1E7A4F7556}") = "DaanV2.Essentials.Net - Standard2.0", "API\DaanV2.Essentials.Net - Standard2.0\DaanV2.Essentials.Net - Standard2.0.csproj", "{41586DD4-4E5B-4DA1-AEAF-959D2067681B}"
EndProject
Project("{9A19103F-16F7-4668-BE54-9A1E7A4F7556}") = "DaanV2.Essentials.Net - Standard2.1", "API\DaanV2.Essentials.Net - Standard2.1\DaanV2.Essentials.Net - Standard2.1.csproj", "{6415E614-1AC1-486F-9D1C-EAF80622EC6C}"
EndProject
Project("{FAE04EC0-301F-11D3-BF4B-00C04F79EFBC}") = "DaanV2.Essentials.Net - Framework4.8", "API\DaanV2.Essentials.Net - Framework4.8\DaanV2.Essentials.Net - Framework4.8.csproj", "{09CE9804-8092-4A28-980A-2EFAFEDD8721}"
EndProject
Project("{FAE04EC0-301F-11D3-BF4B-00C04F79EFBC}") = "UnitTests.Net", "UnitTests\UnitTests.Net\UnitTests.Net.csproj", "{C5D48D0B-AF03-4FB6-A360-67DA5856B1BE}"
EndProject
Project("{FAE04EC0-301F-11D3-BF4B-00C04F79EFBC}") = "UnitTests.Net Unsafe", "UnitTests\UnitTests.Net Unsafe\UnitTests.Net Unsafe.csproj", "{656528FE-7361-4036-82A0-AF32155D72D3}"
EndProject
Project("{FAE04EC0-301F-11D3-BF4B-00C04F79EFBC}") = "DaanV2.Essentials.Net - Net5.0", "API\DaanV2.Essentials.Net - Net5.0\DaanV2.Essentials.Net - Net5.0.csproj", "{0DD28690-7D83-48E2-8547-CE1D88FDC762}"
EndProject
Project("{FAE04EC0-301F-11D3-BF4B-00C04F79EFBC}") = "UnitTests.Net Core 5.0", "UnitTests\UnitTests.Net Core 5.0\UnitTests.Net Core 5.0.csproj", "{F4D6E986-7875-40E5-9F71-928AB9416C99}"
EndProject
Global
	GlobalSection(SharedMSBuildProjectFiles) = preSolution
		DaanV2.Essentials.Net Source\Essentials.Net.projitems*{09ce9804-8092-4a28-980a-2efafedd8721}*SharedItemsImports = 4
		DaanV2.Essentials.Net Source\Essentials.Net.projitems*{0dd28690-7d83-48e2-8547-ce1d88fdc762}*SharedItemsImports = 5
		Test Source\Test Source.projitems*{19896aac-3813-4378-a24e-60449b07149b}*SharedItemsImports = 13
		DaanV2.Essentials.Net Source\Essentials.Net.projitems*{210c6c12-81e2-43ce-a410-c489b8e9ada6}*SharedItemsImports = 5
		Test Source\Test Source.projitems*{210c6c12-81e2-43ce-a410-c489b8e9ada6}*SharedItemsImports = 5
		DaanV2.Essentials.Net Source\Essentials.Net.projitems*{41586dd4-4e5b-4da1-aeaf-959d2067681b}*SharedItemsImports = 5
		DaanV2.Essentials.Net Source\Essentials.Net.projitems*{54f6b5bd-98c6-4a44-bbbb-74863fc7be3c}*SharedItemsImports = 5
		Test Source\Test Source.projitems*{54f6b5bd-98c6-4a44-bbbb-74863fc7be3c}*SharedItemsImports = 5
		DaanV2.Essentials.Net Source\Essentials.Net.projitems*{6415e614-1ac1-486f-9d1c-eaf80622ec6c}*SharedItemsImports = 5
		DaanV2.Essentials.Net Source\Essentials.Net.projitems*{656528fe-7361-4036-82a0-af32155d72d3}*SharedItemsImports = 4
		Test Source\Test Source.projitems*{656528fe-7361-4036-82a0-af32155d72d3}*SharedItemsImports = 4
		DaanV2.Essentials.Net Source\Essentials.Net.projitems*{b1f153d9-f47c-4fe9-bd9f-ffacb81fb3f9}*SharedItemsImports = 13
		DaanV2.Essentials.Net Source\Essentials.Net.projitems*{c5d48d0b-af03-4fb6-a360-67da5856b1be}*SharedItemsImports = 4
		Test Source\Test Source.projitems*{c5d48d0b-af03-4fb6-a360-67da5856b1be}*SharedItemsImports = 4
		DaanV2.Essentials.Net Source\Essentials.Net.projitems*{dadc9ffe-46c6-476f-bdc9-5b98ff60c459}*SharedItemsImports = 5
		Test Source\Test Source.projitems*{f4d6e986-7875-40e5-9f71-928ab9416c99}*SharedItemsImports = 5
	EndGlobalSection
	GlobalSection(SolutionConfigurationPlatforms) = preSolution
		Debug|Any CPU = Debug|Any CPU
		Debug|x64 = Debug|x64
		Debug|x86 = Debug|x86
		Release|Any CPU = Release|Any CPU
		Release|x64 = Release|x64
		Release|x86 = Release|x86
	EndGlobalSection
	GlobalSection(ProjectConfigurationPlatforms) = postSolution
		{54F6B5BD-98C6-4A44-BBBB-74863FC7BE3C}.Debug|Any CPU.ActiveCfg = Debug|Any CPU
		{54F6B5BD-98C6-4A44-BBBB-74863FC7BE3C}.Debug|Any CPU.Build.0 = Debug|Any CPU
		{54F6B5BD-98C6-4A44-BBBB-74863FC7BE3C}.Debug|x64.ActiveCfg = Debug|x64
		{54F6B5BD-98C6-4A44-BBBB-74863FC7BE3C}.Debug|x64.Build.0 = Debug|x64
		{54F6B5BD-98C6-4A44-BBBB-74863FC7BE3C}.Debug|x86.ActiveCfg = Debug|x86
		{54F6B5BD-98C6-4A44-BBBB-74863FC7BE3C}.Debug|x86.Build.0 = Debug|x86
		{54F6B5BD-98C6-4A44-BBBB-74863FC7BE3C}.Release|Any CPU.ActiveCfg = Release|Any CPU
		{54F6B5BD-98C6-4A44-BBBB-74863FC7BE3C}.Release|Any CPU.Build.0 = Release|Any CPU
		{54F6B5BD-98C6-4A44-BBBB-74863FC7BE3C}.Release|x64.ActiveCfg = Release|x64
		{54F6B5BD-98C6-4A44-BBBB-74863FC7BE3C}.Release|x64.Build.0 = Release|x64
		{54F6B5BD-98C6-4A44-BBBB-74863FC7BE3C}.Release|x86.ActiveCfg = Release|x86
		{54F6B5BD-98C6-4A44-BBBB-74863FC7BE3C}.Release|x86.Build.0 = Release|x86
		{DADC9FFE-46C6-476F-BDC9-5B98FF60C459}.Debug|Any CPU.ActiveCfg = Debug|Any CPU
		{DADC9FFE-46C6-476F-BDC9-5B98FF60C459}.Debug|Any CPU.Build.0 = Debug|Any CPU
		{DADC9FFE-46C6-476F-BDC9-5B98FF60C459}.Debug|x64.ActiveCfg = Debug|x64
		{DADC9FFE-46C6-476F-BDC9-5B98FF60C459}.Debug|x64.Build.0 = Debug|x64
		{DADC9FFE-46C6-476F-BDC9-5B98FF60C459}.Debug|x86.ActiveCfg = Debug|x86
		{DADC9FFE-46C6-476F-BDC9-5B98FF60C459}.Debug|x86.Build.0 = Debug|x86
		{DADC9FFE-46C6-476F-BDC9-5B98FF60C459}.Release|Any CPU.ActiveCfg = Release|Any CPU
		{DADC9FFE-46C6-476F-BDC9-5B98FF60C459}.Release|Any CPU.Build.0 = Release|Any CPU
		{DADC9FFE-46C6-476F-BDC9-5B98FF60C459}.Release|x64.ActiveCfg = Release|x64
		{DADC9FFE-46C6-476F-BDC9-5B98FF60C459}.Release|x64.Build.0 = Release|x64
		{DADC9FFE-46C6-476F-BDC9-5B98FF60C459}.Release|x86.ActiveCfg = Release|x86
		{DADC9FFE-46C6-476F-BDC9-5B98FF60C459}.Release|x86.Build.0 = Release|x86
		{F2D4F5F6-AFEE-4B61-BFD1-F9E47B735C25}.Debug|Any CPU.ActiveCfg = Debug|Any CPU
		{F2D4F5F6-AFEE-4B61-BFD1-F9E47B735C25}.Debug|Any CPU.Build.0 = Debug|Any CPU
		{F2D4F5F6-AFEE-4B61-BFD1-F9E47B735C25}.Debug|x64.ActiveCfg = Debug|x64
		{F2D4F5F6-AFEE-4B61-BFD1-F9E47B735C25}.Debug|x64.Build.0 = Debug|x64
		{F2D4F5F6-AFEE-4B61-BFD1-F9E47B735C25}.Debug|x86.ActiveCfg = Debug|x86
		{F2D4F5F6-AFEE-4B61-BFD1-F9E47B735C25}.Debug|x86.Build.0 = Debug|x86
		{F2D4F5F6-AFEE-4B61-BFD1-F9E47B735C25}.Release|Any CPU.ActiveCfg = Release|Any CPU
		{F2D4F5F6-AFEE-4B61-BFD1-F9E47B735C25}.Release|Any CPU.Build.0 = Release|Any CPU
		{F2D4F5F6-AFEE-4B61-BFD1-F9E47B735C25}.Release|x64.ActiveCfg = Release|x64
		{F2D4F5F6-AFEE-4B61-BFD1-F9E47B735C25}.Release|x64.Build.0 = Release|x64
		{F2D4F5F6-AFEE-4B61-BFD1-F9E47B735C25}.Release|x86.ActiveCfg = Release|x86
		{F2D4F5F6-AFEE-4B61-BFD1-F9E47B735C25}.Release|x86.Build.0 = Release|x86
		{210C6C12-81E2-43CE-A410-C489B8E9ADA6}.Debug|Any CPU.ActiveCfg = Debug|Any CPU
		{210C6C12-81E2-43CE-A410-C489B8E9ADA6}.Debug|Any CPU.Build.0 = Debug|Any CPU
		{210C6C12-81E2-43CE-A410-C489B8E9ADA6}.Debug|x64.ActiveCfg = Debug|x64
		{210C6C12-81E2-43CE-A410-C489B8E9ADA6}.Debug|x64.Build.0 = Debug|x64
		{210C6C12-81E2-43CE-A410-C489B8E9ADA6}.Debug|x86.ActiveCfg = Debug|x86
		{210C6C12-81E2-43CE-A410-C489B8E9ADA6}.Debug|x86.Build.0 = Debug|x86
		{210C6C12-81E2-43CE-A410-C489B8E9ADA6}.Release|Any CPU.ActiveCfg = Release|Any CPU
		{210C6C12-81E2-43CE-A410-C489B8E9ADA6}.Release|Any CPU.Build.0 = Release|Any CPU
		{210C6C12-81E2-43CE-A410-C489B8E9ADA6}.Release|x64.ActiveCfg = Release|x64
		{210C6C12-81E2-43CE-A410-C489B8E9ADA6}.Release|x64.Build.0 = Release|x64
		{210C6C12-81E2-43CE-A410-C489B8E9ADA6}.Release|x86.ActiveCfg = Release|x86
		{210C6C12-81E2-43CE-A410-C489B8E9ADA6}.Release|x86.Build.0 = Release|x86
		{41586DD4-4E5B-4DA1-AEAF-959D2067681B}.Debug|Any CPU.ActiveCfg = Debug|Any CPU
		{41586DD4-4E5B-4DA1-AEAF-959D2067681B}.Debug|Any CPU.Build.0 = Debug|Any CPU
		{41586DD4-4E5B-4DA1-AEAF-959D2067681B}.Debug|x64.ActiveCfg = Debug|x64
		{41586DD4-4E5B-4DA1-AEAF-959D2067681B}.Debug|x64.Build.0 = Debug|x64
		{41586DD4-4E5B-4DA1-AEAF-959D2067681B}.Debug|x86.ActiveCfg = Debug|x86
		{41586DD4-4E5B-4DA1-AEAF-959D2067681B}.Debug|x86.Build.0 = Debug|x86
		{41586DD4-4E5B-4DA1-AEAF-959D2067681B}.Release|Any CPU.ActiveCfg = Release|Any CPU
		{41586DD4-4E5B-4DA1-AEAF-959D2067681B}.Release|Any CPU.Build.0 = Release|Any CPU
		{41586DD4-4E5B-4DA1-AEAF-959D2067681B}.Release|x64.ActiveCfg = Release|x64
		{41586DD4-4E5B-4DA1-AEAF-959D2067681B}.Release|x64.Build.0 = Release|x64
		{41586DD4-4E5B-4DA1-AEAF-959D2067681B}.Release|x86.ActiveCfg = Release|x86
		{41586DD4-4E5B-4DA1-AEAF-959D2067681B}.Release|x86.Build.0 = Release|x86
		{6415E614-1AC1-486F-9D1C-EAF80622EC6C}.Debug|Any CPU.ActiveCfg = Debug|Any CPU
		{6415E614-1AC1-486F-9D1C-EAF80622EC6C}.Debug|Any CPU.Build.0 = Debug|Any CPU
		{6415E614-1AC1-486F-9D1C-EAF80622EC6C}.Debug|x64.ActiveCfg = Debug|x64
		{6415E614-1AC1-486F-9D1C-EAF80622EC6C}.Debug|x64.Build.0 = Debug|x64
		{6415E614-1AC1-486F-9D1C-EAF80622EC6C}.Debug|x86.ActiveCfg = Debug|x86
		{6415E614-1AC1-486F-9D1C-EAF80622EC6C}.Debug|x86.Build.0 = Debug|x86
		{6415E614-1AC1-486F-9D1C-EAF80622EC6C}.Release|Any CPU.ActiveCfg = Release|Any CPU
		{6415E614-1AC1-486F-9D1C-EAF80622EC6C}.Release|Any CPU.Build.0 = Release|Any CPU
		{6415E614-1AC1-486F-9D1C-EAF80622EC6C}.Release|x64.ActiveCfg = Release|x64
		{6415E614-1AC1-486F-9D1C-EAF80622EC6C}.Release|x64.Build.0 = Release|x64
		{6415E614-1AC1-486F-9D1C-EAF80622EC6C}.Release|x86.ActiveCfg = Release|x86
		{6415E614-1AC1-486F-9D1C-EAF80622EC6C}.Release|x86.Build.0 = Release|x86
		{09CE9804-8092-4A28-980A-2EFAFEDD8721}.Debug|Any CPU.ActiveCfg = Debug|Any CPU
		{09CE9804-8092-4A28-980A-2EFAFEDD8721}.Debug|Any CPU.Build.0 = Debug|Any CPU
		{09CE9804-8092-4A28-980A-2EFAFEDD8721}.Debug|x64.ActiveCfg = Debug|x64
		{09CE9804-8092-4A28-980A-2EFAFEDD8721}.Debug|x64.Build.0 = Debug|x64
		{09CE9804-8092-4A28-980A-2EFAFEDD8721}.Debug|x86.ActiveCfg = Debug|x86
		{09CE9804-8092-4A28-980A-2EFAFEDD8721}.Debug|x86.Build.0 = Debug|x86
		{09CE9804-8092-4A28-980A-2EFAFEDD8721}.Release|Any CPU.ActiveCfg = Release|Any CPU
		{09CE9804-8092-4A28-980A-2EFAFEDD8721}.Release|Any CPU.Build.0 = Release|Any CPU
		{09CE9804-8092-4A28-980A-2EFAFEDD8721}.Release|x64.ActiveCfg = Release|x64
		{09CE9804-8092-4A28-980A-2EFAFEDD8721}.Release|x64.Build.0 = Release|x64
		{09CE9804-8092-4A28-980A-2EFAFEDD8721}.Release|x86.ActiveCfg = Release|x86
		{09CE9804-8092-4A28-980A-2EFAFEDD8721}.Release|x86.Build.0 = Release|x86
		{C5D48D0B-AF03-4FB6-A360-67DA5856B1BE}.Debug|Any CPU.ActiveCfg = Debug|Any CPU
		{C5D48D0B-AF03-4FB6-A360-67DA5856B1BE}.Debug|Any CPU.Build.0 = Debug|Any CPU
		{C5D48D0B-AF03-4FB6-A360-67DA5856B1BE}.Debug|x64.ActiveCfg = Debug|x64
		{C5D48D0B-AF03-4FB6-A360-67DA5856B1BE}.Debug|x64.Build.0 = Debug|x64
		{C5D48D0B-AF03-4FB6-A360-67DA5856B1BE}.Debug|x86.ActiveCfg = Debug|x86
		{C5D48D0B-AF03-4FB6-A360-67DA5856B1BE}.Debug|x86.Build.0 = Debug|x86
		{C5D48D0B-AF03-4FB6-A360-67DA5856B1BE}.Release|Any CPU.ActiveCfg = Release|Any CPU
		{C5D48D0B-AF03-4FB6-A360-67DA5856B1BE}.Release|Any CPU.Build.0 = Release|Any CPU
		{C5D48D0B-AF03-4FB6-A360-67DA5856B1BE}.Release|x64.ActiveCfg = Release|x64
		{C5D48D0B-AF03-4FB6-A360-67DA5856B1BE}.Release|x64.Build.0 = Release|x64
		{C5D48D0B-AF03-4FB6-A360-67DA5856B1BE}.Release|x86.ActiveCfg = Release|x86
		{C5D48D0B-AF03-4FB6-A360-67DA5856B1BE}.Release|x86.Build.0 = Release|x86
		{656528FE-7361-4036-82A0-AF32155D72D3}.Debug|Any CPU.ActiveCfg = Debug|Any CPU
		{656528FE-7361-4036-82A0-AF32155D72D3}.Debug|Any CPU.Build.0 = Debug|Any CPU
		{656528FE-7361-4036-82A0-AF32155D72D3}.Debug|x64.ActiveCfg = Debug|x64
		{656528FE-7361-4036-82A0-AF32155D72D3}.Debug|x64.Build.0 = Debug|x64
		{656528FE-7361-4036-82A0-AF32155D72D3}.Debug|x86.ActiveCfg = Debug|x86
		{656528FE-7361-4036-82A0-AF32155D72D3}.Debug|x86.Build.0 = Debug|x86
		{656528FE-7361-4036-82A0-AF32155D72D3}.Release|Any CPU.ActiveCfg = Release|Any CPU
		{656528FE-7361-4036-82A0-AF32155D72D3}.Release|Any CPU.Build.0 = Release|Any CPU
		{656528FE-7361-4036-82A0-AF32155D72D3}.Release|x64.ActiveCfg = Release|x64
		{656528FE-7361-4036-82A0-AF32155D72D3}.Release|x64.Build.0 = Release|x64
		{656528FE-7361-4036-82A0-AF32155D72D3}.Release|x86.ActiveCfg = Release|x86
		{656528FE-7361-4036-82A0-AF32155D72D3}.Release|x86.Build.0 = Release|x86
		{0DD28690-7D83-48E2-8547-CE1D88FDC762}.Debug|Any CPU.ActiveCfg = Debug|Any CPU
		{0DD28690-7D83-48E2-8547-CE1D88FDC762}.Debug|Any CPU.Build.0 = Debug|Any CPU
		{0DD28690-7D83-48E2-8547-CE1D88FDC762}.Debug|x64.ActiveCfg = Debug|x64
		{0DD28690-7D83-48E2-8547-CE1D88FDC762}.Debug|x64.Build.0 = Debug|x64
		{0DD28690-7D83-48E2-8547-CE1D88FDC762}.Debug|x86.ActiveCfg = Debug|x86
		{0DD28690-7D83-48E2-8547-CE1D88FDC762}.Debug|x86.Build.0 = Debug|x86
		{0DD28690-7D83-48E2-8547-CE1D88FDC762}.Release|Any CPU.ActiveCfg = Release|Any CPU
		{0DD28690-7D83-48E2-8547-CE1D88FDC762}.Release|Any CPU.Build.0 = Release|Any CPU
		{0DD28690-7D83-48E2-8547-CE1D88FDC762}.Release|x64.ActiveCfg = Release|x64
		{0DD28690-7D83-48E2-8547-CE1D88FDC762}.Release|x64.Build.0 = Release|x64
		{0DD28690-7D83-48E2-8547-CE1D88FDC762}.Release|x86.ActiveCfg = Release|x86
		{0DD28690-7D83-48E2-8547-CE1D88FDC762}.Release|x86.Build.0 = Release|x86
		{F4D6E986-7875-40E5-9F71-928AB9416C99}.Debug|Any CPU.ActiveCfg = Debug|Any CPU
		{F4D6E986-7875-40E5-9F71-928AB9416C99}.Debug|Any CPU.Build.0 = Debug|Any CPU
		{F4D6E986-7875-40E5-9F71-928AB9416C99}.Debug|x64.ActiveCfg = Debug|Any CPU
		{F4D6E986-7875-40E5-9F71-928AB9416C99}.Debug|x64.Build.0 = Debug|Any CPU
		{F4D6E986-7875-40E5-9F71-928AB9416C99}.Debug|x86.ActiveCfg = Debug|Any CPU
		{F4D6E986-7875-40E5-9F71-928AB9416C99}.Debug|x86.Build.0 = Debug|Any CPU
		{F4D6E986-7875-40E5-9F71-928AB9416C99}.Release|Any CPU.ActiveCfg = Release|Any CPU
		{F4D6E986-7875-40E5-9F71-928AB9416C99}.Release|Any CPU.Build.0 = Release|Any CPU
		{F4D6E986-7875-40E5-9F71-928AB9416C99}.Release|x64.ActiveCfg = Release|Any CPU
		{F4D6E986-7875-40E5-9F71-928AB9416C99}.Release|x64.Build.0 = Release|Any CPU
		{F4D6E986-7875-40E5-9F71-928AB9416C99}.Release|x86.ActiveCfg = Release|Any CPU
		{F4D6E986-7875-40E5-9F71-928AB9416C99}.Release|x86.Build.0 = Release|Any CPU
	EndGlobalSection
	GlobalSection(SolutionProperties) = preSolution
		HideSolutionNode = FALSE
	EndGlobalSection
	GlobalSection(NestedProjects) = preSolution
		{B1F153D9-F47C-4FE9-BD9F-FFACB81FB3F9} = {37CDB440-3ADF-4599-97D5-B9A46BB29D44}
		{54F6B5BD-98C6-4A44-BBBB-74863FC7BE3C} = {A858FADB-3D12-4EDA-98EF-FA0EA9E0DA18}
		{DADC9FFE-46C6-476F-BDC9-5B98FF60C459} = {37CDB440-3ADF-4599-97D5-B9A46BB29D44}
		{F2D4F5F6-AFEE-4B61-BFD1-F9E47B735C25} = {316548F4-3421-43EE-9C26-8D0D450CADD0}
		{19896AAC-3813-4378-A24E-60449B07149B} = {A858FADB-3D12-4EDA-98EF-FA0EA9E0DA18}
		{210C6C12-81E2-43CE-A410-C489B8E9ADA6} = {A858FADB-3D12-4EDA-98EF-FA0EA9E0DA18}
		{41586DD4-4E5B-4DA1-AEAF-959D2067681B} = {37CDB440-3ADF-4599-97D5-B9A46BB29D44}
		{6415E614-1AC1-486F-9D1C-EAF80622EC6C} = {37CDB440-3ADF-4599-97D5-B9A46BB29D44}
		{09CE9804-8092-4A28-980A-2EFAFEDD8721} = {37CDB440-3ADF-4599-97D5-B9A46BB29D44}
		{C5D48D0B-AF03-4FB6-A360-67DA5856B1BE} = {A858FADB-3D12-4EDA-98EF-FA0EA9E0DA18}
		{656528FE-7361-4036-82A0-AF32155D72D3} = {A858FADB-3D12-4EDA-98EF-FA0EA9E0DA18}
		{0DD28690-7D83-48E2-8547-CE1D88FDC762} = {37CDB440-3ADF-4599-97D5-B9A46BB29D44}
		{F4D6E986-7875-40E5-9F71-928AB9416C99} = {A858FADB-3D12-4EDA-98EF-FA0EA9E0DA18}
	EndGlobalSection
	GlobalSection(ExtensibilityGlobals) = postSolution
		SolutionGuid = {262C672F-8FAF-425E-8002-8DA2DF481D1A}
	EndGlobalSection
EndGlobal
