
Microsoft Visual Studio Solution File, Format Version 12.00
# Visual Studio Version 16
VisualStudioVersion = 16.0.28922.388
MinimumVisualStudioVersion = 10.0.40219.1
Project("{D954291E-2A0B-460D-934E-DC6B0785DB48}") = "DaanV2.Essentials.Net Source", "DaanV2.Essentials.Net Source\DaanV2.Essentials.Net Source.shproj", "{B1F153D9-F47C-4FE9-BD9F-FFACB81FB3F9}"
EndProject
Project("{2150E333-8FDC-42A3-9474-1A3956D46DE8}") = "API", "API", "{37CDB440-3ADF-4599-97D5-B9A46BB29D44}"
EndProject
Project("{2150E333-8FDC-42A3-9474-1A3956D46DE8}") = "Solution Items", "Solution Items", "{316548F4-3421-43EE-9C26-8D0D450CADD0}"
	ProjectSection(SolutionItems) = preProject
		Documentation\Code_Extensions.md = Documentation\Code_Extensions.md
		Documentation\Interfaces.md = Documentation\Interfaces.md
		LICENSE.txt = LICENSE.txt
		README.md = README.md
	EndProjectSection
EndProject
Project("{2150E333-8FDC-42A3-9474-1A3956D46DE8}") = "Documentation", "Documentation", "{C770F9FC-0538-4F79-B325-234082396C67}"
	ProjectSection(SolutionItems) = preProject
		Documentation\Code_Extensions.md = Documentation\Code_Extensions.md
		Documentation\Interfaces.md = Documentation\Interfaces.md
	EndProjectSection
EndProject
Project("{2150E333-8FDC-42A3-9474-1A3956D46DE8}") = "Tests", "Tests", "{A858FADB-3D12-4EDA-98EF-FA0EA9E0DA18}"
EndProject
Project("{9A19103F-16F7-4668-BE54-9A1E7A4F7556}") = "UnitTests.Net Core", "UnitTests.Net Core\UnitTests.Net Core.csproj", "{54F6B5BD-98C6-4A44-BBBB-74863FC7BE3C}"
EndProject
Global
	GlobalSection(SharedMSBuildProjectFiles) = preSolution
		DaanV2.Essentials.Net Source\Essentials.Net.projitems*{b1f153d9-f47c-4fe9-bd9f-ffacb81fb3f9}*SharedItemsImports = 13
	EndGlobalSection
	GlobalSection(SolutionConfigurationPlatforms) = preSolution
		Debug|Any CPU = Debug|Any CPU
		Debug|x64 = Debug|x64
		Debug|x86 = Debug|x86
		Release|Any CPU = Release|Any CPU
		Release|x64 = Release|x64
		Release|x86 = Release|x86
	EndGlobalSection
	GlobalSection(ProjectConfigurationPlatforms) = postSolution
		{54F6B5BD-98C6-4A44-BBBB-74863FC7BE3C}.Debug|Any CPU.ActiveCfg = Debug|Any CPU
		{54F6B5BD-98C6-4A44-BBBB-74863FC7BE3C}.Debug|Any CPU.Build.0 = Debug|Any CPU
		{54F6B5BD-98C6-4A44-BBBB-74863FC7BE3C}.Debug|x64.ActiveCfg = Debug|x64
		{54F6B5BD-98C6-4A44-BBBB-74863FC7BE3C}.Debug|x64.Build.0 = Debug|x64
		{54F6B5BD-98C6-4A44-BBBB-74863FC7BE3C}.Debug|x86.ActiveCfg = Debug|x86
		{54F6B5BD-98C6-4A44-BBBB-74863FC7BE3C}.Debug|x86.Build.0 = Debug|x86
		{54F6B5BD-98C6-4A44-BBBB-74863FC7BE3C}.Release|Any CPU.ActiveCfg = Release|Any CPU
		{54F6B5BD-98C6-4A44-BBBB-74863FC7BE3C}.Release|Any CPU.Build.0 = Release|Any CPU
		{54F6B5BD-98C6-4A44-BBBB-74863FC7BE3C}.Release|x64.ActiveCfg = Release|x64
		{54F6B5BD-98C6-4A44-BBBB-74863FC7BE3C}.Release|x64.Build.0 = Release|x64
		{54F6B5BD-98C6-4A44-BBBB-74863FC7BE3C}.Release|x86.ActiveCfg = Release|x86
		{54F6B5BD-98C6-4A44-BBBB-74863FC7BE3C}.Release|x86.Build.0 = Release|x86
	EndGlobalSection
	GlobalSection(SolutionProperties) = preSolution
		HideSolutionNode = FALSE
	EndGlobalSection
	GlobalSection(NestedProjects) = preSolution
		{B1F153D9-F47C-4FE9-BD9F-FFACB81FB3F9} = {37CDB440-3ADF-4599-97D5-B9A46BB29D44}
		{54F6B5BD-98C6-4A44-BBBB-74863FC7BE3C} = {A858FADB-3D12-4EDA-98EF-FA0EA9E0DA18}
	EndGlobalSection
	GlobalSection(ExtensibilityGlobals) = postSolution
		SolutionGuid = {262C672F-8FAF-425E-8002-8DA2DF481D1A}
	EndGlobalSection
EndGlobal
